
Microsoft Visual Studio Solution File, Format Version 12.00
# Visual Studio Version 16
VisualStudioVersion = 16.0.30717.126
MinimumVisualStudioVersion = 10.0.40219.1
Project("{8BC9CEB8-8B4A-11D0-8D11-00A0C91BC942}") = "Vulkan C99", "Vulkan C99\Vulkan C99.vcxproj", "{A39EEF3D-0086-4ECE-8228-EE16C9F653A2}"
EndProject
Global
	GlobalSection(SolutionConfigurationPlatforms) = preSolution
		Debug|x64 = Debug|x64
		Debug|x86 = Debug|x86
		Release|x64 = Release|x64
		Release|x86 = Release|x86
	EndGlobalSection
	GlobalSection(ProjectConfigurationPlatforms) = postSolution
		{A39EEF3D-0086-4ECE-8228-EE16C9F653A2}.Debug|x64.ActiveCfg = Debug|x64
		{A39EEF3D-0086-4ECE-8228-EE16C9F653A2}.Debug|x64.Build.0 = Debug|x64
		{A39EEF3D-0086-4ECE-8228-EE16C9F653A2}.Debug|x86.ActiveCfg = Debug|Win32
		{A39EEF3D-0086-4ECE-8228-EE16C9F653A2}.Debug|x86.Build.0 = Debug|Win32
		{A39EEF3D-0086-4ECE-8228-EE16C9F653A2}.Release|x64.ActiveCfg = Release|x64
		{A39EEF3D-0086-4ECE-8228-EE16C9F653A2}.Release|x64.Build.0 = Release|x64
		{A39EEF3D-0086-4ECE-8228-EE16C9F653A2}.Release|x86.ActiveCfg = Release|Win32
		{A39EEF3D-0086-4ECE-8228-EE16C9F653A2}.Release|x86.Build.0 = Release|Win32
	EndGlobalSection
	GlobalSection(SolutionProperties) = preSolution
		HideSolutionNode = FALSE
	EndGlobalSection
	GlobalSection(ExtensibilityGlobals) = postSolution
		SolutionGuid = {88EEBE98-85EA-4A84-8E7A-7436FF290556}
	EndGlobalSection
EndGlobal
